
Microsoft Visual Studio Solution File, Format Version 12.00
# Visual Studio Version 17
VisualStudioVersion = 17.7.34024.191
MinimumVisualStudioVersion = 10.0.40219.1
Project("{888888A0-9F3D-457C-B088-3A5042F75D52}") = "SpotifyBI Dashboard app", "SpotifyBI Dashboard app.pyproj", "{CB339AEF-10DB-47DB-A238-8DBABC6932CE}"
EndProject
Global
	GlobalSection(SolutionConfigurationPlatforms) = preSolution
		Debug|Any CPU = Debug|Any CPU
		Release|Any CPU = Release|Any CPU
	EndGlobalSection
	GlobalSection(ProjectConfigurationPlatforms) = postSolution
		{CB339AEF-10DB-47DB-A238-8DBABC6932CE}.Debug|Any CPU.ActiveCfg = Debug|Any CPU
		{CB339AEF-10DB-47DB-A238-8DBABC6932CE}.Release|Any CPU.ActiveCfg = Release|Any CPU
	EndGlobalSection
	GlobalSection(SolutionProperties) = preSolution
		HideSolutionNode = FALSE
	EndGlobalSection
	GlobalSection(ExtensibilityGlobals) = postSolution
		SolutionGuid = {F8F3D63A-11BC-4D0B-B1AF-798E7B9DD15F}
	EndGlobalSection
EndGlobal
